// !$*UTF8*$!
{
	archiveVersion = 1;
	classes = {
	};
	objectVersion = 48;
	objects = {

/* Begin PBXBuildFile section */
		D72A07F32014070600D81028 /* main.swift in Sources */ = {isa = PBXBuildFile; fileRef = D72A07F22014070600D81028 /* main.swift */; };
		D72A07FB2014073E00D81028 /* BigInteger.swift in Sources */ = {isa = PBXBuildFile; fileRef = D72A07FA2014073E00D81028 /* BigInteger.swift */; };
		D7AD0348201497060065874B /* BigIntegerTest.swift in Sources */ = {isa = PBXBuildFile; fileRef = D7AD0347201497060065874B /* BigIntegerTest.swift */; };
		D7AD034D201497660065874B /* BigInteger.swift in Sources */ = {isa = PBXBuildFile; fileRef = D72A07FA2014073E00D81028 /* BigInteger.swift */; };
/* End PBXBuildFile section */

/* Begin PBXCopyFilesBuildPhase section */
		D72A07ED2014070600D81028 /* CopyFiles */ = {
			isa = PBXCopyFilesBuildPhase;
			buildActionMask = 2147483647;
			dstPath = /usr/share/man/man1/;
			dstSubfolderSpec = 0;
			files = (
			);
			runOnlyForDeploymentPostprocessing = 1;
		};
/* End PBXCopyFilesBuildPhase section */

/* Begin PBXFileReference section */
		D708F8A7201CB3F40061DA87 /* README.md */ = {isa = PBXFileReference; lastKnownFileType = net.daringfireball.markdown; path = README.md; sourceTree = "<group>"; };
		D72A07EF2014070600D81028 /* BigInteger */ = {isa = PBXFileReference; explicitFileType = "compiled.mach-o.executable"; includeInIndex = 0; path = BigInteger; sourceTree = BUILT_PRODUCTS_DIR; };
		D72A07F22014070600D81028 /* main.swift */ = {isa = PBXFileReference; lastKnownFileType = sourcecode.swift; path = main.swift; sourceTree = "<group>"; };
		D72A07FA2014073E00D81028 /* BigInteger.swift */ = {isa = PBXFileReference; lastKnownFileType = sourcecode.swift; path = BigInteger.swift; sourceTree = "<group>"; };
		D7AD0345201497060065874B /* BigIntegerTest.xctest */ = {isa = PBXFileReference; explicitFileType = wrapper.cfbundle; includeInIndex = 0; path = BigIntegerTest.xctest; sourceTree = BUILT_PRODUCTS_DIR; };
		D7AD0347201497060065874B /* BigIntegerTest.swift */ = {isa = PBXFileReference; lastKnownFileType = sourcecode.swift; path = BigIntegerTest.swift; sourceTree = "<group>"; };
		D7AD0349201497060065874B /* Info.plist */ = {isa = PBXFileReference; lastKnownFileType = text.plist.xml; path = Info.plist; sourceTree = "<group>"; };
/* End PBXFileReference section */

/* Begin PBXFrameworksBuildPhase section */
		D72A07EC2014070600D81028 /* Frameworks */ = {
			isa = PBXFrameworksBuildPhase;
			buildActionMask = 2147483647;
			files = (
			);
			runOnlyForDeploymentPostprocessing = 0;
		};
		D7AD0342201497060065874B /* Frameworks */ = {
			isa = PBXFrameworksBuildPhase;
			buildActionMask = 2147483647;
			files = (
			);
			runOnlyForDeploymentPostprocessing = 0;
		};
/* End PBXFrameworksBuildPhase section */

/* Begin PBXGroup section */
		D72A07E62014070600D81028 = {
			isa = PBXGroup;
			children = (
				D708F8A7201CB3F40061DA87 /* README.md */,
				D72A07F12014070600D81028 /* BigInteger */,
				D72A07F92014071F00D81028 /* OOPUtils */,
				D7AD0346201497060065874B /* BigIntegerTest */,
				D72A07F02014070600D81028 /* Products */,
			);
			sourceTree = "<group>";
		};
		D72A07F02014070600D81028 /* Products */ = {
			isa = PBXGroup;
			children = (
				D72A07EF2014070600D81028 /* BigInteger */,
				D7AD0345201497060065874B /* BigIntegerTest.xctest */,
			);
			name = Products;
			sourceTree = "<group>";
		};
		D72A07F12014070600D81028 /* BigInteger */ = {
			isa = PBXGroup;
			children = (
				D72A07F22014070600D81028 /* main.swift */,
			);
			path = BigInteger;
			sourceTree = "<group>";
		};
		D72A07F92014071F00D81028 /* OOPUtils */ = {
			isa = PBXGroup;
			children = (
				D72A07FA2014073E00D81028 /* BigInteger.swift */,
			);
			path = OOPUtils;
			sourceTree = "<group>";
		};
		D7AD0346201497060065874B /* BigIntegerTest */ = {
			isa = PBXGroup;
			children = (
				D7AD0347201497060065874B /* BigIntegerTest.swift */,
				D7AD0349201497060065874B /* Info.plist */,
			);
			path = BigIntegerTest;
			sourceTree = "<group>";
		};
/* End PBXGroup section */

/* Begin PBXNativeTarget section */
		D72A07EE2014070600D81028 /* BigInteger */ = {
			isa = PBXNativeTarget;
			buildConfigurationList = D72A07F62014070600D81028 /* Build configuration list for PBXNativeTarget "BigInteger" */;
			buildPhases = (
				D72A07EB2014070600D81028 /* Sources */,
				D72A07EC2014070600D81028 /* Frameworks */,
				D72A07ED2014070600D81028 /* CopyFiles */,
			);
			buildRules = (
			);
			dependencies = (
			);
			name = BigInteger;
			productName = BigInteger;
			productReference = D72A07EF2014070600D81028 /* BigInteger */;
			productType = "com.apple.product-type.tool";
		};
		D7AD0344201497060065874B /* BigIntegerTest */ = {
			isa = PBXNativeTarget;
			buildConfigurationList = D7AD034C201497060065874B /* Build configuration list for PBXNativeTarget "BigIntegerTest" */;
			buildPhases = (
				D7AD0341201497060065874B /* Sources */,
				D7AD0342201497060065874B /* Frameworks */,
				D7AD0343201497060065874B /* Resources */,
			);
			buildRules = (
			);
			dependencies = (
			);
			name = BigIntegerTest;
			productName = BigIntegerTest;
			productReference = D7AD0345201497060065874B /* BigIntegerTest.xctest */;
			productType = "com.apple.product-type.bundle.unit-test";
		};
/* End PBXNativeTarget section */

/* Begin PBXProject section */
		D72A07E72014070600D81028 /* Project object */ = {
			isa = PBXProject;
			attributes = {
				LastSwiftUpdateCheck = 0920;
				LastUpgradeCheck = 0940;
				ORGANIZATIONNAME = "OOPer (NAGATA, Atsuyuki)";
				TargetAttributes = {
					D72A07EE2014070600D81028 = {
						CreatedOnToolsVersion = 9.2;
						LastSwiftMigration = 1000;
						ProvisioningStyle = Automatic;
					};
					D7AD0344201497060065874B = {
						CreatedOnToolsVersion = 9.2;
						LastSwiftMigration = 1000;
						ProvisioningStyle = Automatic;
					};
				};
			};
			buildConfigurationList = D72A07EA2014070600D81028 /* Build configuration list for PBXProject "BigInteger" */;
			compatibilityVersion = "Xcode 8.0";
			developmentRegion = en;
			hasScannedForEncodings = 0;
			knownRegions = (
				en,
			);
			mainGroup = D72A07E62014070600D81028;
			productRefGroup = D72A07F02014070600D81028 /* Products */;
			projectDirPath = "";
			projectRoot = "";
			targets = (
				D72A07EE2014070600D81028 /* BigInteger */,
				D7AD0344201497060065874B /* BigIntegerTest */,
			);
		};
/* End PBXProject section */

/* Begin PBXResourcesBuildPhase section */
		D7AD0343201497060065874B /* Resources */ = {
			isa = PBXResourcesBuildPhase;
			buildActionMask = 2147483647;
			files = (
			);
			runOnlyForDeploymentPostprocessing = 0;
		};
/* End PBXResourcesBuildPhase section */

/* Begin PBXSourcesBuildPhase section */
		D72A07EB2014070600D81028 /* Sources */ = {
			isa = PBXSourcesBuildPhase;
			buildActionMask = 2147483647;
			files = (
				D72A07F32014070600D81028 /* main.swift in Sources */,
				D72A07FB2014073E00D81028 /* BigInteger.swift in Sources */,
			);
			runOnlyForDeploymentPostprocessing = 0;
		};
		D7AD0341201497060065874B /* Sources */ = {
			isa = PBXSourcesBuildPhase;
			buildActionMask = 2147483647;
			files = (
				D7AD0348201497060065874B /* BigIntegerTest.swift in Sources */,
				D7AD034D201497660065874B /* BigInteger.swift in Sources */,
			);
			runOnlyForDeploymentPostprocessing = 0;
		};
/* End PBXSourcesBuildPhase section */

/* Begin XCBuildConfiguration section */
		D72A07F42014070600D81028 /* Debug */ = {
			isa = XCBuildConfiguration;
			buildSettings = {
				ALWAYS_SEARCH_USER_PATHS = NO;
				CLANG_ANALYZER_NONNULL = YES;
				CLANG_ANALYZER_NUMBER_OBJECT_CONVERSION = YES_AGGRESSIVE;
				CLANG_CXX_LANGUAGE_STANDARD = "gnu++14";
				CLANG_CXX_LIBRARY = "libc++";
				CLANG_ENABLE_MODULES = YES;
				CLANG_ENABLE_OBJC_ARC = YES;
				CLANG_WARN_BLOCK_CAPTURE_AUTORELEASING = YES;
				CLANG_WARN_BOOL_CONVERSION = YES;
				CLANG_WARN_COMMA = YES;
				CLANG_WARN_CONSTANT_CONVERSION = YES;
				CLANG_WARN_DEPRECATED_OBJC_IMPLEMENTATIONS = YES;
				CLANG_WARN_DIRECT_OBJC_ISA_USAGE = YES_ERROR;
				CLANG_WARN_DOCUMENTATION_COMMENTS = YES;
				CLANG_WARN_EMPTY_BODY = YES;
				CLANG_WARN_ENUM_CONVERSION = YES;
				CLANG_WARN_INFINITE_RECURSION = YES;
				CLANG_WARN_INT_CONVERSION = YES;
				CLANG_WARN_NON_LITERAL_NULL_CONVERSION = YES;
				CLANG_WARN_OBJC_IMPLICIT_RETAIN_SELF = YES;
				CLANG_WARN_OBJC_LITERAL_CONVERSION = YES;
				CLANG_WARN_OBJC_ROOT_CLASS = YES_ERROR;
				CLANG_WARN_RANGE_LOOP_ANALYSIS = YES;
				CLANG_WARN_STRICT_PROTOTYPES = YES;
				CLANG_WARN_SUSPICIOUS_MOVE = YES;
				CLANG_WARN_UNGUARDED_AVAILABILITY = YES_AGGRESSIVE;
				CLANG_WARN_UNREACHABLE_CODE = YES;
				CLANG_WARN__DUPLICATE_METHOD_MATCH = YES;
				CODE_SIGN_IDENTITY = "-";
				COPY_PHASE_STRIP = NO;
				DEBUG_INFORMATION_FORMAT = dwarf;
				ENABLE_STRICT_OBJC_MSGSEND = YES;
				ENABLE_TESTABILITY = YES;
				GCC_C_LANGUAGE_STANDARD = gnu11;
				GCC_DYNAMIC_NO_PIC = NO;
				GCC_NO_COMMON_BLOCKS = YES;
				GCC_OPTIMIZATION_LEVEL = 0;
				GCC_PREPROCESSOR_DEFINITIONS = (
					"DEBUG=1",
					"$(inherited)",
				);
				GCC_WARN_64_TO_32_BIT_CONVERSION = YES;
				GCC_WARN_ABOUT_RETURN_TYPE = YES_ERROR;
				GCC_WARN_UNDECLARED_SELECTOR = YES;
				GCC_WARN_UNINITIALIZED_AUTOS = YES_AGGRESSIVE;
				GCC_WARN_UNUSED_FUNCTION = YES;
				GCC_WARN_UNUSED_VARIABLE = YES;
				MACOSX_DEPLOYMENT_TARGET = 10.12;
				MTL_ENABLE_DEBUG_INFO = YES;
				ONLY_ACTIVE_ARCH = YES;
				SDKROOT = macosx;
				SWIFT_ACTIVE_COMPILATION_CONDITIONS = DEBUG;
				SWIFT_OPTIMIZATION_LEVEL = "-Onone";
			};
			name = Debug;
		};
		D72A07F52014070600D81028 /* Release */ = {
			isa = XCBuildConfiguration;
			buildSettings = {
				ALWAYS_SEARCH_USER_PATHS = NO;
				CLANG_ANALYZER_NONNULL = YES;
				CLANG_ANALYZER_NUMBER_OBJECT_CONVERSION = YES_AGGRESSIVE;
				CLANG_CXX_LANGUAGE_STANDARD = "gnu++14";
				CLANG_CXX_LIBRARY = "libc++";
				CLANG_ENABLE_MODULES = YES;
				CLANG_ENABLE_OBJC_ARC = YES;
				CLANG_WARN_BLOCK_CAPTURE_AUTORELEASING = YES;
				CLANG_WARN_BOOL_CONVERSION = YES;
				CLANG_WARN_COMMA = YES;
				CLANG_WARN_CONSTANT_CONVERSION = YES;
				CLANG_WARN_DEPRECATED_OBJC_IMPLEMENTATIONS = YES;
				CLANG_WARN_DIRECT_OBJC_ISA_USAGE = YES_ERROR;
				CLANG_WARN_DOCUMENTATION_COMMENTS = YES;
				CLANG_WARN_EMPTY_BODY = YES;
				CLANG_WARN_ENUM_CONVERSION = YES;
				CLANG_WARN_INFINITE_RECURSION = YES;
				CLANG_WARN_INT_CONVERSION = YES;
				CLANG_WARN_NON_LITERAL_NULL_CONVERSION = YES;
				CLANG_WARN_OBJC_IMPLICIT_RETAIN_SELF = YES;
				CLANG_WARN_OBJC_LITERAL_CONVERSION = YES;
				CLANG_WARN_OBJC_ROOT_CLASS = YES_ERROR;
				CLANG_WARN_RANGE_LOOP_ANALYSIS = YES;
				CLANG_WARN_STRICT_PROTOTYPES = YES;
				CLANG_WARN_SUSPICIOUS_MOVE = YES;
				CLANG_WARN_UNGUARDED_AVAILABILITY = YES_AGGRESSIVE;
				CLANG_WARN_UNREACHABLE_CODE = YES;
				CLANG_WARN__DUPLICATE_METHOD_MATCH = YES;
				CODE_SIGN_IDENTITY = "-";
				COPY_PHASE_STRIP = NO;
				DEBUG_INFORMATION_FORMAT = "dwarf-with-dsym";
				ENABLE_NS_ASSERTIONS = NO;
				ENABLE_STRICT_OBJC_MSGSEND = YES;
				GCC_C_LANGUAGE_STANDARD = gnu11;
				GCC_NO_COMMON_BLOCKS = YES;
				GCC_WARN_64_TO_32_BIT_CONVERSION = YES;
				GCC_WARN_ABOUT_RETURN_TYPE = YES_ERROR;
				GCC_WARN_UNDECLARED_SELECTOR = YES;
				GCC_WARN_UNINITIALIZED_AUTOS = YES_AGGRESSIVE;
				GCC_WARN_UNUSED_FUNCTION = YES;
				GCC_WARN_UNUSED_VARIABLE = YES;
				MACOSX_DEPLOYMENT_TARGET = 10.12;
				MTL_ENABLE_DEBUG_INFO = NO;
				SDKROOT = macosx;
				SWIFT_OPTIMIZATION_LEVEL = "-Owholemodule";
			};
			name = Release;
		};
		D72A07F72014070600D81028 /* Debug */ = {
			isa = XCBuildConfiguration;
			buildSettings = {
				CODE_SIGN_STYLE = Automatic;
				PRODUCT_NAME = "$(TARGET_NAME)";
				SWIFT_VERSION = 4.2;
			};
			name = Debug;
		};
		D72A07F82014070600D81028 /* Release */ = {
			isa = XCBuildConfiguration;
			buildSettings = {
				CODE_SIGN_STYLE = Automatic;
				PRODUCT_NAME = "$(TARGET_NAME)";
				SWIFT_VERSION = 4.2;
			};
			name = Release;
		};
		D7AD034A201497060065874B /* Debug */ = {
			isa = XCBuildConfiguration;
			buildSettings = {
				CODE_SIGN_STYLE = Automatic;
				COMBINE_HIDPI_IMAGES = YES;
				INFOPLIST_FILE = BigIntegerTest/Info.plist;
				LD_RUNPATH_SEARCH_PATHS = "$(inherited) @executable_path/../Frameworks @loader_path/../Frameworks";
				PRODUCT_BUNDLE_IDENTIFIER = com.oopers.BigIntegerTest;
				PRODUCT_NAME = "$(TARGET_NAME)";
				SWIFT_VERSION = 4.2;
			};
			name = Debug;
		};
		D7AD034B201497060065874B /* Release */ = {
			isa = XCBuildConfiguration;
			buildSettings = {
				CODE_SIGN_STYLE = Automatic;
				COMBINE_HIDPI_IMAGES = YES;
				INFOPLIST_FILE = BigIntegerTest/Info.plist;
				LD_RUNPATH_SEARCH_PATHS = "$(inherited) @executable_path/../Frameworks @loader_path/../Frameworks";
				PRODUCT_BUNDLE_IDENTIFIER = com.oopers.BigIntegerTest;
				PRODUCT_NAME = "$(TARGET_NAME)";
				SWIFT_VERSION = 4.2;
			};
			name = Release;
		};
/* End XCBuildConfiguration section */

/* Begin XCConfigurationList section */
		D72A07EA2014070600D81028 /* Build configuration list for PBXProject "BigInteger" */ = {
			isa = XCConfigurationList;
			buildConfigurations = (
				D72A07F42014070600D81028 /* Debug */,
				D72A07F52014070600D81028 /* Release */,
			);
			defaultConfigurationIsVisible = 0;
			defaultConfigurationName = Release;
		};
		D72A07F62014070600D81028 /* Build configuration list for PBXNativeTarget "BigInteger" */ = {
			isa = XCConfigurationList;
			buildConfigurations = (
				D72A07F72014070600D81028 /* Debug */,
				D72A07F82014070600D81028 /* Release */,
			);
			defaultConfigurationIsVisible = 0;
			defaultConfigurationName = Release;
		};
		D7AD034C201497060065874B /* Build configuration list for PBXNativeTarget "BigIntegerTest" */ = {
			isa = XCConfigurationList;
			buildConfigurations = (
				D7AD034A201497060065874B /* Debug */,
				D7AD034B201497060065874B /* Release */,
			);
			defaultConfigurationIsVisible = 0;
			defaultConfigurationName = Release;
		};
/* End XCConfigurationList section */
	};
	rootObject = D72A07E72014070600D81028 /* Project object */;
}
